<?xml version="1.0" encoding="utf-8"?>
<Project ToolsVersion="4.0" xmlns="http://schemas.microsoft.com/developer/msbuild/2003">
  <ItemGroup>
    <Filter Include="Source Files">
      <UniqueIdentifier>{4FC737F1-C7A5-4376-A066-2A32D752A2FF}</UniqueIdentifier>
      <Extensions>cpp;c;cc;cxx;c++;def;odl;idl;hpj;bat;asm;asmx</Extensions>
    </Filter>
    <Filter Include="Header Files">
      <UniqueIdentifier>{93995380-89BD-4b04-88EB-625FBE52EBFB}</UniqueIdentifier>
      <Extensions>h;hh;hpp;hxx;h++;hm;inl;inc;ipp;xsd</Extensions>
    </Filter>
    <Filter Include="Resource Files">
      <UniqueIdentifier>{67DA6AB6-F800-4c08-8B7A-83BB121AAD01}</UniqueIdentifier>
      <Extensions>rc;ico;cur;bmp;dlg;rc2;rct;bin;rgs;gif;jpg;jpeg;jpe;resx;tiff;tif;png;wav;mfcribbon-ms</Extensions>
    </Filter>
    <Filter Include="Header Files\io">
      <UniqueIdentifier>{91e91e50-e6e2-47c1-80ed-78c0e068eb4b}</UniqueIdentifier>
    </Filter>
    <Filter Include="Source Files\io">
      <UniqueIdentifier>{9153f0b4-32b9-406f-bf25-c11e1f50e955}</UniqueIdentifier>
    </Filter>
  </ItemGroup>
  <ItemGroup>
    <ClInclude Include="CNCDll.h">
      <Filter>Header Files</Filter>
    </ClInclude>
    <ClInclude Include="GDNativeAlert.h">
      <Filter>Header Files</Filter>
    </ClInclude>
    <ClInclude Include="io\mixfile.h">
      <Filter>Header Files\io</Filter>
    </ClInclude>
    <ClInclude Include="io\gamefile.h">
      <Filter>Header Files\io</Filter>
    </ClInclude>
    <ClInclude Include="io\crc.h">
      <Filter>Header Files\io</Filter>
    </ClInclude>
    <ClInclude Include="io\basefile.h">
      <Filter>Header Files\io</Filter>
    </ClInclude>
    <ClInclude Include="io\filestraw.h">
      <Filter>Header Files\io</Filter>
    </ClInclude>
    <ClInclude Include="io\pkstraw.h">
      <Filter>Header Files\io</Filter>
    </ClInclude>
    <ClInclude Include="io\rndstraw.h">
      <Filter>Header Files\io</Filter>
    </ClInclude>
    <ClInclude Include="io\shastraw.h">
      <Filter>Header Files\io</Filter>
    </ClInclude>
    <ClInclude Include="io\straw.h">
      <Filter>Header Files\io</Filter>
    </ClInclude>
    <ClInclude Include="io\buffer.h">
      <Filter>Header Files\io</Filter>
    </ClInclude>
    <ClInclude Include="io\cdfile.h">
      <Filter>Header Files\io</Filter>
    </ClInclude>
    <ClInclude Include="io\bfiofile.h">
      <Filter>Header Files\io</Filter>
    </ClInclude>
    <ClInclude Include="io\rawfile.h">
      <Filter>Header Files\io</Filter>
    </ClInclude>
    <ClInclude Include="io\blowstraw.h">
      <Filter>Header Files\io</Filter>
    </ClInclude>
    <ClInclude Include="io\blowfish.h">
      <Filter>Header Files\io</Filter>
    </ClInclude>
    <ClInclude Include="io\random.h">
      <Filter>Header Files\io</Filter>
    </ClInclude>
    <ClInclude Include="io\sha.h">
      <Filter>Header Files\io</Filter>
    </ClInclude>
    <ClInclude Include="io\listnode.h">
      <Filter>Header Files\io</Filter>
    </ClInclude>
    <ClInclude Include="io\memrev.h">
      <Filter>Header Files\io</Filter>
    </ClInclude>
    <ClInclude Include="io\pk.h">
      <Filter>Header Files\io</Filter>
    </ClInclude>
    <ClInclude Include="io\int.h">
      <Filter>Header Files\io</Filter>
    </ClInclude>
    <ClInclude Include="io\mpmath.h">
      <Filter>Header Files\io</Filter>
    </ClInclude>
  </ItemGroup>
  <ItemGroup>
    <ClCompile Include="GDLibrary.cpp">
      <Filter>Source Files</Filter>
    </ClCompile>
    <ClCompile Include="GDNativeAlert.cpp">
      <Filter>Source Files</Filter>
    </ClCompile>
    <ClCompile Include="io\mixfile.cpp">
      <Filter>Source Files\io</Filter>
    </ClCompile>
    <ClCompile Include="io\gamefile.cpp">
      <Filter>Source Files\io</Filter>
    </ClCompile>
    <ClCompile Include="io\crc.cpp">
      <Filter>Source Files\io</Filter>
    </ClCompile>
    <ClCompile Include="io\basefile.cpp">
      <Filter>Source Files\io</Filter>
    </ClCompile>
    <ClCompile Include="io\filestraw.cpp">
      <Filter>Source Files\io</Filter>
    </ClCompile>
    <ClCompile Include="io\pkstraw.cpp">
      <Filter>Source Files\io</Filter>
    </ClCompile>
    <ClCompile Include="io\rndstraw.cpp">
      <Filter>Source Files\io</Filter>
    </ClCompile>
    <ClCompile Include="io\shastraw.cpp">
      <Filter>Source Files\io</Filter>
    </ClCompile>
    <ClCompile Include="io\straw.cpp">
      <Filter>Source Files\io</Filter>
    </ClCompile>
    <ClCompile Include="io\buffer.cpp">
      <Filter>Source Files\io</Filter>
    </ClCompile>
    <ClCompile Include="io\cdfile.cpp">
      <Filter>Source Files\io</Filter>
    </ClCompile>
    <ClCompile Include="io\bfiofile.cpp">
      <Filter>Source Files\io</Filter>
    </ClCompile>
    <ClCompile Include="io\rawfile.cpp">
      <Filter>Source Files\io</Filter>
    </ClCompile>
    <ClCompile Include="io\blowstraw.cpp">
      <Filter>Source Files\io</Filter>
    </ClCompile>
    <ClCompile Include="io\blowfish.cpp">
      <Filter>Source Files\io</Filter>
    </ClCompile>
    <ClCompile Include="io\random.cpp">
      <Filter>Source Files\io</Filter>
    </ClCompile>
    <ClCompile Include="io\sha.cpp">
      <Filter>Source Files\io</Filter>
    </ClCompile>
    <ClCompile Include="io\pk.cpp">
      <Filter>Source Files\io</Filter>
    </ClCompile>
    <ClCompile Include="io\mpmath.cpp">
      <Filter>Source Files\io</Filter>
    </ClCompile>
  </ItemGroup>
</Project>